
Microsoft Visual Studio Solution File, Format Version 12.00
# Blend for Visual Studio Version 16
VisualStudioVersion = 16.0.29926.136
MinimumVisualStudioVersion = 10.0.40219.1
Project("{FAE04EC0-301F-11D3-BF4B-00C04F79EFBC}") = "MLPUI", "MLPUI\MLPUI.csproj", "{37DD3298-31BA-4688-BF3B-EDA61C9F2E76}"
EndProject
Global
	GlobalSection(SolutionConfigurationPlatforms) = preSolution
		Debug|Any CPU = Debug|Any CPU
		Release|Any CPU = Release|Any CPU
	EndGlobalSection
	GlobalSection(ProjectConfigurationPlatforms) = postSolution
		{37DD3298-31BA-4688-BF3B-EDA61C9F2E76}.Debug|Any CPU.ActiveCfg = Debug|Any CPU
		{37DD3298-31BA-4688-BF3B-EDA61C9F2E76}.Debug|Any CPU.Build.0 = Debug|Any CPU
		{37DD3298-31BA-4688-BF3B-EDA61C9F2E76}.Release|Any CPU.ActiveCfg = Release|Any CPU
		{37DD3298-31BA-4688-BF3B-EDA61C9F2E76}.Release|Any CPU.Build.0 = Release|Any CPU
	EndGlobalSection
	GlobalSection(SolutionProperties) = preSolution
		HideSolutionNode = FALSE
	EndGlobalSection
	GlobalSection(ExtensibilityGlobals) = postSolution
		SolutionGuid = {6228BD26-A09B-420D-B969-7FE307F8A3A4}
	EndGlobalSection
EndGlobal
